
Microsoft Visual Studio Solution File, Format Version 12.00
# Visual Studio Version 17
VisualStudioVersion = 17.0.32112.339
MinimumVisualStudioVersion = 10.0.40219.1
Project("{FAE04EC0-301F-11D3-BF4B-00C04F79EFBC}") = "NetCoreAPIMSQL", "NetCoreAPIMSQL\NetCoreAPIMSQL.csproj", "{DD9AE5BF-1DAF-4FA4-8883-0FE0E0DEE9AF}"
EndProject
Project("{FAE04EC0-301F-11D3-BF4B-00C04F79EFBC}") = "NetCoreAPIMYSQL.Data", "NetCoreAPIMYSQLData\NetCoreAPIMYSQL.Data.csproj", "{AE4B0ABC-D0F8-4C7D-84EB-A1C18A9F79B4}"
EndProject
Project("{FAE04EC0-301F-11D3-BF4B-00C04F79EFBC}") = "NetCoreAPIMYSQL.Model", "NetCoreAPIMYSQL.Model\NetCoreAPIMYSQL.Model.csproj", "{D9394800-0824-49C2-948A-B09E49AE0FD3}"
EndProject
Global
	GlobalSection(SolutionConfigurationPlatforms) = preSolution
		Debug|Any CPU = Debug|Any CPU
		Release|Any CPU = Release|Any CPU
	EndGlobalSection
	GlobalSection(ProjectConfigurationPlatforms) = postSolution
		{DD9AE5BF-1DAF-4FA4-8883-0FE0E0DEE9AF}.Debug|Any CPU.ActiveCfg = Debug|Any CPU
		{DD9AE5BF-1DAF-4FA4-8883-0FE0E0DEE9AF}.Debug|Any CPU.Build.0 = Debug|Any CPU
		{DD9AE5BF-1DAF-4FA4-8883-0FE0E0DEE9AF}.Release|Any CPU.ActiveCfg = Release|Any CPU
		{DD9AE5BF-1DAF-4FA4-8883-0FE0E0DEE9AF}.Release|Any CPU.Build.0 = Release|Any CPU
		{AE4B0ABC-D0F8-4C7D-84EB-A1C18A9F79B4}.Debug|Any CPU.ActiveCfg = Debug|Any CPU
		{AE4B0ABC-D0F8-4C7D-84EB-A1C18A9F79B4}.Debug|Any CPU.Build.0 = Debug|Any CPU
		{AE4B0ABC-D0F8-4C7D-84EB-A1C18A9F79B4}.Release|Any CPU.ActiveCfg = Release|Any CPU
		{AE4B0ABC-D0F8-4C7D-84EB-A1C18A9F79B4}.Release|Any CPU.Build.0 = Release|Any CPU
		{D9394800-0824-49C2-948A-B09E49AE0FD3}.Debug|Any CPU.ActiveCfg = Debug|Any CPU
		{D9394800-0824-49C2-948A-B09E49AE0FD3}.Debug|Any CPU.Build.0 = Debug|Any CPU
		{D9394800-0824-49C2-948A-B09E49AE0FD3}.Release|Any CPU.ActiveCfg = Release|Any CPU
		{D9394800-0824-49C2-948A-B09E49AE0FD3}.Release|Any CPU.Build.0 = Release|Any CPU
	EndGlobalSection
	GlobalSection(SolutionProperties) = preSolution
		HideSolutionNode = FALSE
	EndGlobalSection
	GlobalSection(ExtensibilityGlobals) = postSolution
		SolutionGuid = {A11D4CC1-7312-4632-8AF8-D5B640FB9BC3}
	EndGlobalSection
EndGlobal
